
Microsoft Visual Studio Solution File, Format Version 12.00
# Visual Studio Version 17
Project("{2150E333-8FDC-42A3-9474-1A3956D46DE8}") = "Solution Items", "Solution Items", "{A425DF7D-105D-2715-1967-8B38851D4E0E}"
	ProjectSection(SolutionItems) = preProject
		.editorconfig = .editorconfig
	EndProjectSection
EndProject
Project("{8BC9CEB8-8B4A-11D0-8D11-00A0C91BC942}") = "Runa", "Runa\Runa.vcxproj", "{DB068C7C-C73D-8D0D-702A-73105C40090F}"
EndProject
Project("{2150E333-8FDC-42A3-9474-1A3956D46DE8}") = "Dependencies", "Dependencies", "{53E47842-3FC8-3998-A828-34EB942B241A}"
EndProject
Project("{8BC9CEB8-8B4A-11D0-8D11-00A0C91BC942}") = "Premake", "vendor\premake\Premake.vcxproj", "{6ACC3F23-D6AB-BEBE-DFC3-49954B222520}"
EndProject
Global
	GlobalSection(SolutionConfigurationPlatforms) = preSolution
		Debug|x64 = Debug|x64
		Dist|x64 = Dist|x64
		Release|x64 = Release|x64
	EndGlobalSection
	GlobalSection(ProjectConfigurationPlatforms) = postSolution
		{DB068C7C-C73D-8D0D-702A-73105C40090F}.Debug|x64.ActiveCfg = Debug|x64
		{DB068C7C-C73D-8D0D-702A-73105C40090F}.Debug|x64.Build.0 = Debug|x64
		{DB068C7C-C73D-8D0D-702A-73105C40090F}.Dist|x64.ActiveCfg = Dist|x64
		{DB068C7C-C73D-8D0D-702A-73105C40090F}.Dist|x64.Build.0 = Dist|x64
		{DB068C7C-C73D-8D0D-702A-73105C40090F}.Release|x64.ActiveCfg = Release|x64
		{DB068C7C-C73D-8D0D-702A-73105C40090F}.Release|x64.Build.0 = Release|x64
		{6ACC3F23-D6AB-BEBE-DFC3-49954B222520}.Debug|x64.ActiveCfg = Debug|x64
		{6ACC3F23-D6AB-BEBE-DFC3-49954B222520}.Debug|x64.Build.0 = Debug|x64
		{6ACC3F23-D6AB-BEBE-DFC3-49954B222520}.Dist|x64.ActiveCfg = Dist|x64
		{6ACC3F23-D6AB-BEBE-DFC3-49954B222520}.Dist|x64.Build.0 = Dist|x64
		{6ACC3F23-D6AB-BEBE-DFC3-49954B222520}.Release|x64.ActiveCfg = Release|x64
		{6ACC3F23-D6AB-BEBE-DFC3-49954B222520}.Release|x64.Build.0 = Release|x64
	EndGlobalSection
	GlobalSection(SolutionProperties) = preSolution
		HideSolutionNode = FALSE
	EndGlobalSection
	GlobalSection(NestedProjects) = preSolution
		{6ACC3F23-D6AB-BEBE-DFC3-49954B222520} = {53E47842-3FC8-3998-A828-34EB942B241A}
	EndGlobalSection
EndGlobal
